// !$*UTF8*$!
{
	archiveVersion = 1;
	classes = {
	};
	objectVersion = 46;
	objects = {

/* Begin PBXBuildFile section */
		37413DCC1A367D8F009C1103 /* main.m in Sources */ = {isa = PBXBuildFile; fileRef = 37413DCB1A367D8F009C1103 /* main.m */; };
		37413DCF1A367D8F009C1103 /* AppDelegate.m in Sources */ = {isa = PBXBuildFile; fileRef = 37413DCE1A367D8F009C1103 /* AppDelegate.m */; };
		37413DD21A367D8F009C1103 /* ViewController.m in Sources */ = {isa = PBXBuildFile; fileRef = 37413DD11A367D8F009C1103 /* ViewController.m */; };
		37413DD51A367D8F009C1103 /* Main.storyboard in Resources */ = {isa = PBXBuildFile; fileRef = 37413DD31A367D8F009C1103 /* Main.storyboard */; };
		37413DD71A367D8F009C1103 /* Images.xcassets in Resources */ = {isa = PBXBuildFile; fileRef = 37413DD61A367D8F009C1103 /* Images.xcassets */; };
		37413DDA1A367D8F009C1103 /* LaunchScreen.xib in Resources */ = {isa = PBXBuildFile; fileRef = 37413DD81A367D8F009C1103 /* LaunchScreen.xib */; };
		37413DE61A367D8F009C1103 /* TakeOrSelectPhotoTests.m in Sources */ = {isa = PBXBuildFile; fileRef = 37413DE51A367D8F009C1103 /* TakeOrSelectPhotoTests.m */; };
/* End PBXBuildFile section */

/* Begin PBXContainerItemProxy section */
		37413DE01A367D8F009C1103 /* PBXContainerItemProxy */ = {
			isa = PBXContainerItemProxy;
			containerPortal = 37413DBE1A367D8F009C1103 /* Project object */;
			proxyType = 1;
			remoteGlobalIDString = 37413DC51A367D8F009C1103;
			remoteInfo = TakeOrSelectPhoto;
		};
/* End PBXContainerItemProxy section */

/* Begin PBXFileReference section */
		37413DC61A367D8F009C1103 /* TakeOrSelectPhoto.app */ = {isa = PBXFileReference; explicitFileType = wrapper.application; includeInIndex = 0; path = TakeOrSelectPhoto.app; sourceTree = BUILT_PRODUCTS_DIR; };
		37413DCA1A367D8F009C1103 /* Info.plist */ = {isa = PBXFileReference; lastKnownFileType = text.plist.xml; path = Info.plist; sourceTree = "<group>"; };
		37413DCB1A367D8F009C1103 /* main.m */ = {isa = PBXFileReference; lastKnownFileType = sourcecode.c.objc; path = main.m; sourceTree = "<group>"; };
		37413DCD1A367D8F009C1103 /* AppDelegate.h */ = {isa = PBXFileReference; lastKnownFileType = sourcecode.c.h; path = AppDelegate.h; sourceTree = "<group>"; };
		37413DCE1A367D8F009C1103 /* AppDelegate.m */ = {isa = PBXFileReference; lastKnownFileType = sourcecode.c.objc; path = AppDelegate.m; sourceTree = "<group>"; };
		37413DD01A367D8F009C1103 /* ViewController.h */ = {isa = PBXFileReference; lastKnownFileType = sourcecode.c.h; path = ViewController.h; sourceTree = "<group>"; };
		37413DD11A367D8F009C1103 /* ViewController.m */ = {isa = PBXFileReference; lastKnownFileType = sourcecode.c.objc; path = ViewController.m; sourceTree = "<group>"; };
		37413DD41A367D8F009C1103 /* Base */ = {isa = PBXFileReference; lastKnownFileType = file.storyboard; name = Base; path = Base.lproj/Main.storyboard; sourceTree = "<group>"; };
		37413DD61A367D8F009C1103 /* Images.xcassets */ = {isa = PBXFileReference; lastKnownFileType = folder.assetcatalog; path = Images.xcassets; sourceTree = "<group>"; };
		37413DD91A367D8F009C1103 /* Base */ = {isa = PBXFileReference; lastKnownFileType = file.xib; name = Base; path = Base.lproj/LaunchScreen.xib; sourceTree = "<group>"; };
		37413DDF1A367D8F009C1103 /* TakeOrSelectPhotoTests.xctest */ = {isa = PBXFileReference; explicitFileType = wrapper.cfbundle; includeInIndex = 0; path = TakeOrSelectPhotoTests.xctest; sourceTree = BUILT_PRODUCTS_DIR; };
		37413DE41A367D8F009C1103 /* Info.plist */ = {isa = PBXFileReference; lastKnownFileType = text.plist.xml; path = Info.plist; sourceTree = "<group>"; };
		37413DE51A367D8F009C1103 /* TakeOrSelectPhotoTests.m */ = {isa = PBXFileReference; lastKnownFileType = sourcecode.c.objc; path = TakeOrSelectPhotoTests.m; sourceTree = "<group>"; };
/* End PBXFileReference section */

/* Begin PBXFrameworksBuildPhase section */
		37413DC31A367D8F009C1103 /* Frameworks */ = {
			isa = PBXFrameworksBuildPhase;
			buildActionMask = 2147483647;
			files = (
			);
			runOnlyForDeploymentPostprocessing = 0;
		};
		37413DDC1A367D8F009C1103 /* Frameworks */ = {
			isa = PBXFrameworksBuildPhase;
			buildActionMask = 2147483647;
			files = (
			);
			runOnlyForDeploymentPostprocessing = 0;
		};
/* End PBXFrameworksBuildPhase section */

/* Begin PBXGroup section */
		37413DBD1A367D8F009C1103 = {
			isa = PBXGroup;
			children = (
				37413DC81A367D8F009C1103 /* TakeOrSelectPhoto */,
				37413DE21A367D8F009C1103 /* TakeOrSelectPhotoTests */,
				37413DC71A367D8F009C1103 /* Products */,
			);
			sourceTree = "<group>";
		};
		37413DC71A367D8F009C1103 /* Products */ = {
			isa = PBXGroup;
			children = (
				37413DC61A367D8F009C1103 /* TakeOrSelectPhoto.app */,
				37413DDF1A367D8F009C1103 /* TakeOrSelectPhotoTests.xctest */,
			);
			name = Products;
			sourceTree = "<group>";
		};
		37413DC81A367D8F009C1103 /* TakeOrSelectPhoto */ = {
			isa = PBXGroup;
			children = (
				37413DCD1A367D8F009C1103 /* AppDelegate.h */,
				37413DCE1A367D8F009C1103 /* AppDelegate.m */,
				37413DD01A367D8F009C1103 /* ViewController.h */,
				37413DD11A367D8F009C1103 /* ViewController.m */,
				37413DD31A367D8F009C1103 /* Main.storyboard */,
				37413DD61A367D8F009C1103 /* Images.xcassets */,
				37413DD81A367D8F009C1103 /* LaunchScreen.xib */,
				37413DC91A367D8F009C1103 /* Supporting Files */,
			);
			path = TakeOrSelectPhoto;
			sourceTree = "<group>";
		};
		37413DC91A367D8F009C1103 /* Supporting Files */ = {
			isa = PBXGroup;
			children = (
				37413DCA1A367D8F009C1103 /* Info.plist */,
				37413DCB1A367D8F009C1103 /* main.m */,
			);
			name = "Supporting Files";
			sourceTree = "<group>";
		};
		37413DE21A367D8F009C1103 /* TakeOrSelectPhotoTests */ = {
			isa = PBXGroup;
			children = (
				37413DE51A367D8F009C1103 /* TakeOrSelectPhotoTests.m */,
				37413DE31A367D8F009C1103 /* Supporting Files */,
			);
			path = TakeOrSelectPhotoTests;
			sourceTree = "<group>";
		};
		37413DE31A367D8F009C1103 /* Supporting Files */ = {
			isa = PBXGroup;
			children = (
				37413DE41A367D8F009C1103 /* Info.plist */,
			);
			name = "Supporting Files";
			sourceTree = "<group>";
		};
/* End PBXGroup section */

/* Begin PBXNativeTarget section */
		37413DC51A367D8F009C1103 /* TakeOrSelectPhoto */ = {
			isa = PBXNativeTarget;
			buildConfigurationList = 37413DE91A367D8F009C1103 /* Build configuration list for PBXNativeTarget "TakeOrSelectPhoto" */;
			buildPhases = (
				37413DC21A367D8F009C1103 /* Sources */,
				37413DC31A367D8F009C1103 /* Frameworks */,
				37413DC41A367D8F009C1103 /* Resources */,
			);
			buildRules = (
			);
			dependencies = (
			);
			name = TakeOrSelectPhoto;
			productName = TakeOrSelectPhoto;
			productReference = 37413DC61A367D8F009C1103 /* TakeOrSelectPhoto.app */;
			productType = "com.apple.product-type.application";
		};
		37413DDE1A367D8F009C1103 /* TakeOrSelectPhotoTests */ = {
			isa = PBXNativeTarget;
			buildConfigurationList = 37413DEC1A367D8F009C1103 /* Build configuration list for PBXNativeTarget "TakeOrSelectPhotoTests" */;
			buildPhases = (
				37413DDB1A367D8F009C1103 /* Sources */,
				37413DDC1A367D8F009C1103 /* Frameworks */,
				37413DDD1A367D8F009C1103 /* Resources */,
			);
			buildRules = (
			);
			dependencies = (
				37413DE11A367D8F009C1103 /* PBXTargetDependency */,
			);
			name = TakeOrSelectPhotoTests;
			productName = TakeOrSelectPhotoTests;
			productReference = 37413DDF1A367D8F009C1103 /* TakeOrSelectPhotoTests.xctest */;
			productType = "com.apple.product-type.bundle.unit-test";
		};
/* End PBXNativeTarget section */

/* Begin PBXProject section */
		37413DBE1A367D8F009C1103 /* Project object */ = {
			isa = PBXProject;
			attributes = {
				LastUpgradeCheck = 0610;
				ORGANIZATIONNAME = "Philippe Willis";
				TargetAttributes = {
					37413DC51A367D8F009C1103 = {
						CreatedOnToolsVersion = 6.1;
					};
					37413DDE1A367D8F009C1103 = {
						CreatedOnToolsVersion = 6.1;
						TestTargetID = 37413DC51A367D8F009C1103;
					};
				};
			};
			buildConfigurationList = 37413DC11A367D8F009C1103 /* Build configuration list for PBXProject "TakeOrSelectPhoto" */;
			compatibilityVersion = "Xcode 3.2";
			developmentRegion = English;
			hasScannedForEncodings = 0;
			knownRegions = (
				en,
				Base,
			);
			mainGroup = 37413DBD1A367D8F009C1103;
			productRefGroup = 37413DC71A367D8F009C1103 /* Products */;
			projectDirPath = "";
			projectRoot = "";
			targets = (
				37413DC51A367D8F009C1103 /* TakeOrSelectPhoto */,
				37413DDE1A367D8F009C1103 /* TakeOrSelectPhotoTests */,
			);
		};
/* End PBXProject section */

/* Begin PBXResourcesBuildPhase section */
		37413DC41A367D8F009C1103 /* Resources */ = {
			isa = PBXResourcesBuildPhase;
			buildActionMask = 2147483647;
			files = (
				37413DD51A367D8F009C1103 /* Main.storyboard in Resources */,
				37413DDA1A367D8F009C1103 /* LaunchScreen.xib in Resources */,
				37413DD71A367D8F009C1103 /* Images.xcassets in Resources */,
			);
			runOnlyForDeploymentPostprocessing = 0;
		};
		37413DDD1A367D8F009C1103 /* Resources */ = {
			isa = PBXResourcesBuildPhase;
			buildActionMask = 2147483647;
			files = (
			);
			runOnlyForDeploymentPostprocessing = 0;
		};
/* End PBXResourcesBuildPhase section */

/* Begin PBXSourcesBuildPhase section */
		37413DC21A367D8F009C1103 /* Sources */ = {
			isa = PBXSourcesBuildPhase;
			buildActionMask = 2147483647;
			files = (
				37413DD21A367D8F009C1103 /* ViewController.m in Sources */,
				37413DCF1A367D8F009C1103 /* AppDelegate.m in Sources */,
				37413DCC1A367D8F009C1103 /* main.m in Sources */,
			);
			runOnlyForDeploymentPostprocessing = 0;
		};
		37413DDB1A367D8F009C1103 /* Sources */ = {
			isa = PBXSourcesBuildPhase;
			buildActionMask = 2147483647;
			files = (
				37413DE61A367D8F009C1103 /* TakeOrSelectPhotoTests.m in Sources */,
			);
			runOnlyForDeploymentPostprocessing = 0;
		};
/* End PBXSourcesBuildPhase section */

/* Begin PBXTargetDependency section */
		37413DE11A367D8F009C1103 /* PBXTargetDependency */ = {
			isa = PBXTargetDependency;
			target = 37413DC51A367D8F009C1103 /* TakeOrSelectPhoto */;
			targetProxy = 37413DE01A367D8F009C1103 /* PBXContainerItemProxy */;
		};
/* End PBXTargetDependency section */

/* Begin PBXVariantGroup section */
		37413DD31A367D8F009C1103 /* Main.storyboard */ = {
			isa = PBXVariantGroup;
			children = (
				37413DD41A367D8F009C1103 /* Base */,
			);
			name = Main.storyboard;
			sourceTree = "<group>";
		};
		37413DD81A367D8F009C1103 /* LaunchScreen.xib */ = {
			isa = PBXVariantGroup;
			children = (
				37413DD91A367D8F009C1103 /* Base */,
			);
			name = LaunchScreen.xib;
			sourceTree = "<group>";
		};
/* End PBXVariantGroup section */

/* Begin XCBuildConfiguration section */
		37413DE71A367D8F009C1103 /* Debug */ = {
			isa = XCBuildConfiguration;
			buildSettings = {
				ALWAYS_SEARCH_USER_PATHS = NO;
				CLANG_CXX_LANGUAGE_STANDARD = "gnu++0x";
				CLANG_CXX_LIBRARY = "libc++";
				CLANG_ENABLE_MODULES = YES;
				CLANG_ENABLE_OBJC_ARC = YES;
				CLANG_WARN_BOOL_CONVERSION = YES;
				CLANG_WARN_CONSTANT_CONVERSION = YES;
				CLANG_WARN_DIRECT_OBJC_ISA_USAGE = YES_ERROR;
				CLANG_WARN_EMPTY_BODY = YES;
				CLANG_WARN_ENUM_CONVERSION = YES;
				CLANG_WARN_INT_CONVERSION = YES;
				CLANG_WARN_OBJC_ROOT_CLASS = YES_ERROR;
				CLANG_WARN_UNREACHABLE_CODE = YES;
				CLANG_WARN__DUPLICATE_METHOD_MATCH = YES;
				"CODE_SIGN_IDENTITY[sdk=iphoneos*]" = "iPhone Developer";
				COPY_PHASE_STRIP = NO;
				ENABLE_STRICT_OBJC_MSGSEND = YES;
				GCC_C_LANGUAGE_STANDARD = gnu99;
				GCC_DYNAMIC_NO_PIC = NO;
				GCC_OPTIMIZATION_LEVEL = 0;
				GCC_PREPROCESSOR_DEFINITIONS = (
					"DEBUG=1",
					"$(inherited)",
				);
				GCC_SYMBOLS_PRIVATE_EXTERN = NO;
				GCC_WARN_64_TO_32_BIT_CONVERSION = YES;
				GCC_WARN_ABOUT_RETURN_TYPE = YES_ERROR;
				GCC_WARN_UNDECLARED_SELECTOR = YES;
				GCC_WARN_UNINITIALIZED_AUTOS = YES_AGGRESSIVE;
				GCC_WARN_UNUSED_FUNCTION = YES;
				GCC_WARN_UNUSED_VARIABLE = YES;
				IPHONEOS_DEPLOYMENT_TARGET = 8.1;
				MTL_ENABLE_DEBUG_INFO = YES;
				ONLY_ACTIVE_ARCH = YES;
				SDKROOT = iphoneos;
				TARGETED_DEVICE_FAMILY = "1,2";
			};
			name = Debug;
		};
		37413DE81A367D8F009C1103 /* Release */ = {
			isa = XCBuildConfiguration;
			buildSettings = {
				ALWAYS_SEARCH_USER_PATHS = NO;
				CLANG_CXX_LANGUAGE_STANDARD = "gnu++0x";
				CLANG_CXX_LIBRARY = "libc++";
				CLANG_ENABLE_MODULES = YES;
				CLANG_ENABLE_OBJC_ARC = YES;
				CLANG_WARN_BOOL_CONVERSION = YES;
				CLANG_WARN_CONSTANT_CONVERSION = YES;
				CLANG_WARN_DIRECT_OBJC_ISA_USAGE = YES_ERROR;
				CLANG_WARN_EMPTY_BODY = YES;
				CLANG_WARN_ENUM_CONVERSION = YES;
				CLANG_WARN_INT_CONVERSION = YES;
				CLANG_WARN_OBJC_ROOT_CLASS = YES_ERROR;
				CLANG_WARN_UNREACHABLE_CODE = YES;
				CLANG_WARN__DUPLICATE_METHOD_MATCH = YES;
				"CODE_SIGN_IDENTITY[sdk=iphoneos*]" = "iPhone Developer";
				COPY_PHASE_STRIP = YES;
				ENABLE_NS_ASSERTIONS = NO;
				ENABLE_STRICT_OBJC_MSGSEND = YES;
				GCC_C_LANGUAGE_STANDARD = gnu99;
				GCC_WARN_64_TO_32_BIT_CONVERSION = YES;
				GCC_WARN_ABOUT_RETURN_TYPE = YES_ERROR;
				GCC_WARN_UNDECLARED_SELECTOR = YES;
				GCC_WARN_UNINITIALIZED_AUTOS = YES_AGGRESSIVE;
				GCC_WARN_UNUSED_FUNCTION = YES;
				GCC_WARN_UNUSED_VARIABLE = YES;
				IPHONEOS_DEPLOYMENT_TARGET = 8.1;
				MTL_ENABLE_DEBUG_INFO = NO;
				SDKROOT = iphoneos;
				TARGETED_DEVICE_FAMILY = "1,2";
				VALIDATE_PRODUCT = YES;
			};
			name = Release;
		};
		37413DEA1A367D8F009C1103 /* Debug */ = {
			isa = XCBuildConfiguration;
			buildSettings = {
				ASSETCATALOG_COMPILER_APPICON_NAME = AppIcon;
				INFOPLIST_FILE = TakeOrSelectPhoto/Info.plist;
				LD_RUNPATH_SEARCH_PATHS = "$(inherited) @executable_path/Frameworks";
				PRODUCT_NAME = "$(TARGET_NAME)";
			};
			name = Debug;
		};
		37413DEB1A367D8F009C1103 /* Release */ = {
			isa = XCBuildConfiguration;
			buildSettings = {
				ASSETCATALOG_COMPILER_APPICON_NAME = AppIcon;
				INFOPLIST_FILE = TakeOrSelectPhoto/Info.plist;
				LD_RUNPATH_SEARCH_PATHS = "$(inherited) @executable_path/Frameworks";
				PRODUCT_NAME = "$(TARGET_NAME)";
			};
			name = Release;
		};
		37413DED1A367D8F009C1103 /* Debug */ = {
			isa = XCBuildConfiguration;
			buildSettings = {
				BUNDLE_LOADER = "$(TEST_HOST)";
				FRAMEWORK_SEARCH_PATHS = (
					"$(SDKROOT)/Developer/Library/Frameworks",
					"$(inherited)",
				);
				GCC_PREPROCESSOR_DEFINITIONS = (
					"DEBUG=1",
					"$(inherited)",
				);
				INFOPLIST_FILE = TakeOrSelectPhotoTests/Info.plist;
				LD_RUNPATH_SEARCH_PATHS = "$(inherited) @executable_path/Frameworks @loader_path/Frameworks";
				PRODUCT_NAME = "$(TARGET_NAME)";
				TEST_HOST = "$(BUILT_PRODUCTS_DIR)/TakeOrSelectPhoto.app/TakeOrSelectPhoto";
			};
			name = Debug;
		};
		37413DEE1A367D8F009C1103 /* Release */ = {
			isa = XCBuildConfiguration;
			buildSettings = {
				BUNDLE_LOADER = "$(TEST_HOST)";
				FRAMEWORK_SEARCH_PATHS = (
					"$(SDKROOT)/Developer/Library/Frameworks",
					"$(inherited)",
				);
				INFOPLIST_FILE = TakeOrSelectPhotoTests/Info.plist;
				LD_RUNPATH_SEARCH_PATHS = "$(inherited) @executable_path/Frameworks @loader_path/Frameworks";
				PRODUCT_NAME = "$(TARGET_NAME)";
				TEST_HOST = "$(BUILT_PRODUCTS_DIR)/TakeOrSelectPhoto.app/TakeOrSelectPhoto";
			};
			name = Release;
		};
/* End XCBuildConfiguration section */

/* Begin XCConfigurationList section */
		37413DC11A367D8F009C1103 /* Build configuration list for PBXProject "TakeOrSelectPhoto" */ = {
			isa = XCConfigurationList;
			buildConfigurations = (
				37413DE71A367D8F009C1103 /* Debug */,
				37413DE81A367D8F009C1103 /* Release */,
			);
			defaultConfigurationIsVisible = 0;
			defaultConfigurationName = Release;
		};
		37413DE91A367D8F009C1103 /* Build configuration list for PBXNativeTarget "TakeOrSelectPhoto" */ = {
			isa = XCConfigurationList;
			buildConfigurations = (
				37413DEA1A367D8F009C1103 /* Debug */,
				37413DEB1A367D8F009C1103 /* Release */,
			);
			defaultConfigurationIsVisible = 0;
		};
		37413DEC1A367D8F009C1103 /* Build configuration list for PBXNativeTarget "TakeOrSelectPhotoTests" */ = {
			isa = XCConfigurationList;
			buildConfigurations = (
				37413DED1A367D8F009C1103 /* Debug */,
				37413DEE1A367D8F009C1103 /* Release */,
			);
			defaultConfigurationIsVisible = 0;
		};
/* End XCConfigurationList section */
	};
	rootObject = 37413DBE1A367D8F009C1103 /* Project object */;
}
